
Microsoft Visual Studio Solution File, Format Version 12.00
# Visual Studio 15
VisualStudioVersion = 15.0.26124.0
MinimumVisualStudioVersion = 15.0.26124.0
Project("{2150E333-8FDC-42A3-9474-1A3956D46DE8}") = "src", "src", "{10FBF3DF-9A3C-418D-B51E-F9F7A6F2FB64}"
EndProject
Project("{FAE04EC0-301F-11D3-BF4B-00C04F79EFBC}") = "SBAdmin.Web", "src\SBAdmin.Web\SBAdmin.Web.csproj", "{1520C317-1754-4082-B167-C463BB11C4C1}"
EndProject
Project("{2150E333-8FDC-42A3-9474-1A3956D46DE8}") = "test", "test", "{C01D5313-117E-4AB1-BEF3-C2995E932DA5}"
EndProject
Project("{FAE04EC0-301F-11D3-BF4B-00C04F79EFBC}") = "SBAdmin.UnitTests", "test\SBAdmin.UnitTests\SBAdmin.UnitTests.csproj", "{81379E7A-DF4D-4171-970E-7C61F740D457}"
EndProject
Global
	GlobalSection(SolutionConfigurationPlatforms) = preSolution
		Debug|Any CPU = Debug|Any CPU
		Debug|x64 = Debug|x64
		Debug|x86 = Debug|x86
		Release|Any CPU = Release|Any CPU
		Release|x64 = Release|x64
		Release|x86 = Release|x86
	EndGlobalSection
	GlobalSection(SolutionProperties) = preSolution
		HideSolutionNode = FALSE
	EndGlobalSection
	GlobalSection(ProjectConfigurationPlatforms) = postSolution
		{1520C317-1754-4082-B167-C463BB11C4C1}.Debug|Any CPU.ActiveCfg = Debug|Any CPU
		{1520C317-1754-4082-B167-C463BB11C4C1}.Debug|Any CPU.Build.0 = Debug|Any CPU
		{1520C317-1754-4082-B167-C463BB11C4C1}.Debug|x64.ActiveCfg = Debug|Any CPU
		{1520C317-1754-4082-B167-C463BB11C4C1}.Debug|x64.Build.0 = Debug|Any CPU
		{1520C317-1754-4082-B167-C463BB11C4C1}.Debug|x86.ActiveCfg = Debug|Any CPU
		{1520C317-1754-4082-B167-C463BB11C4C1}.Debug|x86.Build.0 = Debug|Any CPU
		{1520C317-1754-4082-B167-C463BB11C4C1}.Release|Any CPU.ActiveCfg = Release|Any CPU
		{1520C317-1754-4082-B167-C463BB11C4C1}.Release|Any CPU.Build.0 = Release|Any CPU
		{1520C317-1754-4082-B167-C463BB11C4C1}.Release|x64.ActiveCfg = Release|Any CPU
		{1520C317-1754-4082-B167-C463BB11C4C1}.Release|x64.Build.0 = Release|Any CPU
		{1520C317-1754-4082-B167-C463BB11C4C1}.Release|x86.ActiveCfg = Release|Any CPU
		{1520C317-1754-4082-B167-C463BB11C4C1}.Release|x86.Build.0 = Release|Any CPU
		{81379E7A-DF4D-4171-970E-7C61F740D457}.Debug|Any CPU.ActiveCfg = Debug|Any CPU
		{81379E7A-DF4D-4171-970E-7C61F740D457}.Debug|Any CPU.Build.0 = Debug|Any CPU
		{81379E7A-DF4D-4171-970E-7C61F740D457}.Debug|x64.ActiveCfg = Debug|Any CPU
		{81379E7A-DF4D-4171-970E-7C61F740D457}.Debug|x64.Build.0 = Debug|Any CPU
		{81379E7A-DF4D-4171-970E-7C61F740D457}.Debug|x86.ActiveCfg = Debug|Any CPU
		{81379E7A-DF4D-4171-970E-7C61F740D457}.Debug|x86.Build.0 = Debug|Any CPU
		{81379E7A-DF4D-4171-970E-7C61F740D457}.Release|Any CPU.ActiveCfg = Release|Any CPU
		{81379E7A-DF4D-4171-970E-7C61F740D457}.Release|Any CPU.Build.0 = Release|Any CPU
		{81379E7A-DF4D-4171-970E-7C61F740D457}.Release|x64.ActiveCfg = Release|Any CPU
		{81379E7A-DF4D-4171-970E-7C61F740D457}.Release|x64.Build.0 = Release|Any CPU
		{81379E7A-DF4D-4171-970E-7C61F740D457}.Release|x86.ActiveCfg = Release|Any CPU
		{81379E7A-DF4D-4171-970E-7C61F740D457}.Release|x86.Build.0 = Release|Any CPU
	EndGlobalSection
	GlobalSection(NestedProjects) = preSolution
		{1520C317-1754-4082-B167-C463BB11C4C1} = {10FBF3DF-9A3C-418D-B51E-F9F7A6F2FB64}
		{81379E7A-DF4D-4171-970E-7C61F740D457} = {C01D5313-117E-4AB1-BEF3-C2995E932DA5}
	EndGlobalSection
EndGlobal
